
Microsoft Visual Studio Solution File, Format Version 12.00
# Visual Studio Version 17
VisualStudioVersion = 17.12.35527.113 d17.12
MinimumVisualStudioVersion = 10.0.40219.1
Project("{FAE04EC0-301F-11D3-BF4B-00C04F79EFBC}") = "pos_backend", "pos_backend\pos_backend.csproj", "{8F30D292-006D-42E0-B1AB-B2DAB203CB01}"
EndProject
Project("{FAE04EC0-301F-11D3-BF4B-00C04F79EFBC}") = "Domain", "Domain\Domain.csproj", "{636FBAAA-DD12-4A89-9CDD-24C9869B4858}"
EndProject
Project("{FAE04EC0-301F-11D3-BF4B-00C04F79EFBC}") = "Infrastructure", "Infrastructure\Infrastructure.csproj", "{6639D305-4C32-4F35-BC6C-0E787781FD2B}"
EndProject
Project("{FAE04EC0-301F-11D3-BF4B-00C04F79EFBC}") = "Application", "Application\Application.csproj", "{0DED25AA-9DFC-45E2-934A-9BF7495BB6C5}"
EndProject
Global
	GlobalSection(SolutionConfigurationPlatforms) = preSolution
		Debug|Any CPU = Debug|Any CPU
		Release|Any CPU = Release|Any CPU
	EndGlobalSection
	GlobalSection(ProjectConfigurationPlatforms) = postSolution
		{8F30D292-006D-42E0-B1AB-B2DAB203CB01}.Debug|Any CPU.ActiveCfg = Debug|Any CPU
		{8F30D292-006D-42E0-B1AB-B2DAB203CB01}.Debug|Any CPU.Build.0 = Debug|Any CPU
		{8F30D292-006D-42E0-B1AB-B2DAB203CB01}.Release|Any CPU.ActiveCfg = Release|Any CPU
		{8F30D292-006D-42E0-B1AB-B2DAB203CB01}.Release|Any CPU.Build.0 = Release|Any CPU
		{636FBAAA-DD12-4A89-9CDD-24C9869B4858}.Debug|Any CPU.ActiveCfg = Debug|Any CPU
		{636FBAAA-DD12-4A89-9CDD-24C9869B4858}.Debug|Any CPU.Build.0 = Debug|Any CPU
		{636FBAAA-DD12-4A89-9CDD-24C9869B4858}.Release|Any CPU.ActiveCfg = Release|Any CPU
		{636FBAAA-DD12-4A89-9CDD-24C9869B4858}.Release|Any CPU.Build.0 = Release|Any CPU
		{6639D305-4C32-4F35-BC6C-0E787781FD2B}.Debug|Any CPU.ActiveCfg = Debug|Any CPU
		{6639D305-4C32-4F35-BC6C-0E787781FD2B}.Debug|Any CPU.Build.0 = Debug|Any CPU
		{6639D305-4C32-4F35-BC6C-0E787781FD2B}.Release|Any CPU.ActiveCfg = Release|Any CPU
		{6639D305-4C32-4F35-BC6C-0E787781FD2B}.Release|Any CPU.Build.0 = Release|Any CPU
		{0DED25AA-9DFC-45E2-934A-9BF7495BB6C5}.Debug|Any CPU.ActiveCfg = Debug|Any CPU
		{0DED25AA-9DFC-45E2-934A-9BF7495BB6C5}.Debug|Any CPU.Build.0 = Debug|Any CPU
		{0DED25AA-9DFC-45E2-934A-9BF7495BB6C5}.Release|Any CPU.ActiveCfg = Release|Any CPU
		{0DED25AA-9DFC-45E2-934A-9BF7495BB6C5}.Release|Any CPU.Build.0 = Release|Any CPU
	EndGlobalSection
	GlobalSection(SolutionProperties) = preSolution
		HideSolutionNode = FALSE
	EndGlobalSection
EndGlobal
